
Microsoft Visual Studio Solution File, Format Version 12.00
# Visual Studio Version 17
VisualStudioVersion = 17.2.32516.85
MinimumVisualStudioVersion = 10.0.40219.1
Project("{FAE04EC0-301F-11D3-BF4B-00C04F79EFBC}") = "Bilgi_Yarışması", "Bilgi_Yarışması\Bilgi_Yarışması.csproj", "{8F4BF11C-7913-4B68-BE12-FFF68BE17D3D}"
EndProject
Global
	GlobalSection(SolutionConfigurationPlatforms) = preSolution
		Debug|Any CPU = Debug|Any CPU
		Release|Any CPU = Release|Any CPU
	EndGlobalSection
	GlobalSection(ProjectConfigurationPlatforms) = postSolution
		{8F4BF11C-7913-4B68-BE12-FFF68BE17D3D}.Debug|Any CPU.ActiveCfg = Debug|Any CPU
		{8F4BF11C-7913-4B68-BE12-FFF68BE17D3D}.Debug|Any CPU.Build.0 = Debug|Any CPU
		{8F4BF11C-7913-4B68-BE12-FFF68BE17D3D}.Release|Any CPU.ActiveCfg = Release|Any CPU
		{8F4BF11C-7913-4B68-BE12-FFF68BE17D3D}.Release|Any CPU.Build.0 = Release|Any CPU
	EndGlobalSection
	GlobalSection(SolutionProperties) = preSolution
		HideSolutionNode = FALSE
	EndGlobalSection
	GlobalSection(ExtensibilityGlobals) = postSolution
		SolutionGuid = {FD319AF6-486C-408D-8FB6-EDC0C0C092CD}
	EndGlobalSection
EndGlobal
